{
  "name": "handbook",
  "lockfileVersion": 2,
  "requires": true,
  "packages": {
    "": {
      "dependencies": {
        "bulma": "^0.9.3",
        "bulma-timeline": "^3.0.4",
        "prettier": "^2.6.2"
      }
    },
    "node_modules/bulma": {
      "version": "0.9.3",
      "resolved": "https://registry.npmjs.org/bulma/-/bulma-0.9.3.tgz",
      "integrity": "sha512-0d7GNW1PY4ud8TWxdNcP6Cc8Bu7MxcntD/RRLGWuiw/s0a9P+XlH/6QoOIrmbj6o8WWJzJYhytiu9nFjTszk1g=="
    },
    "node_modules/bulma-timeline": {
      "version": "3.0.4",
      "resolved": "https://registry.npmjs.org/bulma-timeline/-/bulma-timeline-3.0.4.tgz",
      "integrity": "sha512-gCUOcSUuzHoeVMkCpLF49j5Z5yl78XQ+KgJcT+1ju5WIGgBgVytRUob/dw5NHAxPLO2rmcvwYNbCJFp7w4WT4Q=="
    },
    "node_modules/prettier": {
      "version": "2.6.2",
      "resolved": "https://registry.npmjs.org/prettier/-/prettier-2.6.2.tgz",
      "integrity": "sha512-PkUpF+qoXTqhOeWL9fu7As8LXsIUZ1WYaJiY/a7McAQzxjk82OF0tibkFXVCDImZtWxbvojFjerkiLb0/q8mew==",
      "bin": {
        "prettier": "bin-prettier.js"
      },
      "engines": {
        "node": ">=10.13.0"
      },
      "funding": {
        "url": "https://github.com/prettier/prettier?sponsor=1"
      }
    }
  },
  "dependencies": {
    "bulma": {
      "version": "0.9.3",
      "resolved": "https://registry.npmjs.org/bulma/-/bulma-0.9.3.tgz",
      "integrity": "sha512-0d7GNW1PY4ud8TWxdNcP6Cc8Bu7MxcntD/RRLGWuiw/s0a9P+XlH/6QoOIrmbj6o8WWJzJYhytiu9nFjTszk1g=="
    },
    "bulma-timeline": {
      "version": "3.0.4",
      "resolved": "https://registry.npmjs.org/bulma-timeline/-/bulma-timeline-3.0.4.tgz",
      "integrity": "sha512-gCUOcSUuzHoeVMkCpLF49j5Z5yl78XQ+KgJcT+1ju5WIGgBgVytRUob/dw5NHAxPLO2rmcvwYNbCJFp7w4WT4Q=="
    },
    "prettier": {
      "version": "2.6.2",
      "resolved": "https://registry.npmjs.org/prettier/-/prettier-2.6.2.tgz",
      "integrity": "sha512-PkUpF+qoXTqhOeWL9fu7As8LXsIUZ1WYaJiY/a7McAQzxjk82OF0tibkFXVCDImZtWxbvojFjerkiLb0/q8mew=="
    }
  }
}
